// !$*UTF8*$!
{
	archiveVersion = 1;
	classes = {
	};
	objectVersion = 56;
	objects = {

/* Begin PBXBuildFile section */
		32DB3012294B1DBC00BD9651 /* SquirdleApp.swift in Sources */ = {isa = PBXBuildFile; fileRef = 32DB3011294B1DBC00BD9651 /* SquirdleApp.swift */; };
		32DB3014294B1DBC00BD9651 /* Persistence.swift in Sources */ = {isa = PBXBuildFile; fileRef = 32DB3013294B1DBC00BD9651 /* Persistence.swift */; };
		32DB3017294B1DBC00BD9651 /* Squirdle.xcdatamodeld in Sources */ = {isa = PBXBuildFile; fileRef = 32DB3015294B1DBC00BD9651 /* Squirdle.xcdatamodeld */; };
		32DB3019294B1DBC00BD9651 /* ContentView.swift in Sources */ = {isa = PBXBuildFile; fileRef = 32DB3018294B1DBC00BD9651 /* ContentView.swift */; };
		32DB301B294B1DBE00BD9651 /* Assets.xcassets in Resources */ = {isa = PBXBuildFile; fileRef = 32DB301A294B1DBE00BD9651 /* Assets.xcassets */; };
		32DB301F294B1DBE00BD9651 /* Preview Assets.xcassets in Resources */ = {isa = PBXBuildFile; fileRef = 32DB301E294B1DBE00BD9651 /* Preview Assets.xcassets */; };
		32DB3029294B1DBE00BD9651 /* SquirdleTests.swift in Sources */ = {isa = PBXBuildFile; fileRef = 32DB3028294B1DBE00BD9651 /* SquirdleTests.swift */; };
		32DB3033294B1DBE00BD9651 /* SquirdleUITests.swift in Sources */ = {isa = PBXBuildFile; fileRef = 32DB3032294B1DBE00BD9651 /* SquirdleUITests.swift */; };
		32DB3035294B1DBE00BD9651 /* SquirdleUITestsLaunchTests.swift in Sources */ = {isa = PBXBuildFile; fileRef = 32DB3034294B1DBE00BD9651 /* SquirdleUITestsLaunchTests.swift */; };
/* End PBXBuildFile section */

/* Begin PBXContainerItemProxy section */
		32DB3025294B1DBE00BD9651 /* PBXContainerItemProxy */ = {
			isa = PBXContainerItemProxy;
			containerPortal = 32DB3006294B1DBC00BD9651 /* Project object */;
			proxyType = 1;
			remoteGlobalIDString = 32DB300D294B1DBC00BD9651;
			remoteInfo = Squirdle;
		};
		32DB302F294B1DBE00BD9651 /* PBXContainerItemProxy */ = {
			isa = PBXContainerItemProxy;
			containerPortal = 32DB3006294B1DBC00BD9651 /* Project object */;
			proxyType = 1;
			remoteGlobalIDString = 32DB300D294B1DBC00BD9651;
			remoteInfo = Squirdle;
		};
/* End PBXContainerItemProxy section */

/* Begin PBXFileReference section */
		32DB300E294B1DBC00BD9651 /* Squirdle.app */ = {isa = PBXFileReference; explicitFileType = wrapper.application; includeInIndex = 0; path = Squirdle.app; sourceTree = BUILT_PRODUCTS_DIR; };
		32DB3011294B1DBC00BD9651 /* SquirdleApp.swift */ = {isa = PBXFileReference; lastKnownFileType = sourcecode.swift; path = SquirdleApp.swift; sourceTree = "<group>"; };
		32DB3013294B1DBC00BD9651 /* Persistence.swift */ = {isa = PBXFileReference; lastKnownFileType = sourcecode.swift; path = Persistence.swift; sourceTree = "<group>"; };
		32DB3016294B1DBC00BD9651 /* Squirdle.xcdatamodel */ = {isa = PBXFileReference; lastKnownFileType = wrapper.xcdatamodel; path = Squirdle.xcdatamodel; sourceTree = "<group>"; };
		32DB3018294B1DBC00BD9651 /* ContentView.swift */ = {isa = PBXFileReference; lastKnownFileType = sourcecode.swift; path = ContentView.swift; sourceTree = "<group>"; };
		32DB301A294B1DBE00BD9651 /* Assets.xcassets */ = {isa = PBXFileReference; lastKnownFileType = folder.assetcatalog; path = Assets.xcassets; sourceTree = "<group>"; };
		32DB301C294B1DBE00BD9651 /* Squirdle.entitlements */ = {isa = PBXFileReference; lastKnownFileType = text.plist.entitlements; path = Squirdle.entitlements; sourceTree = "<group>"; };
		32DB301E294B1DBE00BD9651 /* Preview Assets.xcassets */ = {isa = PBXFileReference; lastKnownFileType = folder.assetcatalog; path = "Preview Assets.xcassets"; sourceTree = "<group>"; };
		32DB3024294B1DBE00BD9651 /* SquirdleTests.xctest */ = {isa = PBXFileReference; explicitFileType = wrapper.cfbundle; includeInIndex = 0; path = SquirdleTests.xctest; sourceTree = BUILT_PRODUCTS_DIR; };
		32DB3028294B1DBE00BD9651 /* SquirdleTests.swift */ = {isa = PBXFileReference; lastKnownFileType = sourcecode.swift; path = SquirdleTests.swift; sourceTree = "<group>"; };
		32DB302E294B1DBE00BD9651 /* SquirdleUITests.xctest */ = {isa = PBXFileReference; explicitFileType = wrapper.cfbundle; includeInIndex = 0; path = SquirdleUITests.xctest; sourceTree = BUILT_PRODUCTS_DIR; };
		32DB3032294B1DBE00BD9651 /* SquirdleUITests.swift */ = {isa = PBXFileReference; lastKnownFileType = sourcecode.swift; path = SquirdleUITests.swift; sourceTree = "<group>"; };
		32DB3034294B1DBE00BD9651 /* SquirdleUITestsLaunchTests.swift */ = {isa = PBXFileReference; lastKnownFileType = sourcecode.swift; path = SquirdleUITestsLaunchTests.swift; sourceTree = "<group>"; };
/* End PBXFileReference section */

/* Begin PBXFrameworksBuildPhase section */
		32DB300B294B1DBC00BD9651 /* Frameworks */ = {
			isa = PBXFrameworksBuildPhase;
			buildActionMask = 2147483647;
			files = (
			);
			runOnlyForDeploymentPostprocessing = 0;
		};
		32DB3021294B1DBE00BD9651 /* Frameworks */ = {
			isa = PBXFrameworksBuildPhase;
			buildActionMask = 2147483647;
			files = (
			);
			runOnlyForDeploymentPostprocessing = 0;
		};
		32DB302B294B1DBE00BD9651 /* Frameworks */ = {
			isa = PBXFrameworksBuildPhase;
			buildActionMask = 2147483647;
			files = (
			);
			runOnlyForDeploymentPostprocessing = 0;
		};
/* End PBXFrameworksBuildPhase section */

/* Begin PBXGroup section */
		32DB3005294B1DBC00BD9651 = {
			isa = PBXGroup;
			children = (
				32DB3010294B1DBC00BD9651 /* Squirdle */,
				32DB3027294B1DBE00BD9651 /* SquirdleTests */,
				32DB3031294B1DBE00BD9651 /* SquirdleUITests */,
				32DB300F294B1DBC00BD9651 /* Products */,
			);
			sourceTree = "<group>";
		};
		32DB300F294B1DBC00BD9651 /* Products */ = {
			isa = PBXGroup;
			children = (
				32DB300E294B1DBC00BD9651 /* Squirdle.app */,
				32DB3024294B1DBE00BD9651 /* SquirdleTests.xctest */,
				32DB302E294B1DBE00BD9651 /* SquirdleUITests.xctest */,
			);
			name = Products;
			sourceTree = "<group>";
		};
		32DB3010294B1DBC00BD9651 /* Squirdle */ = {
			isa = PBXGroup;
			children = (
				32DB3011294B1DBC00BD9651 /* SquirdleApp.swift */,
				32DB3013294B1DBC00BD9651 /* Persistence.swift */,
				32DB3018294B1DBC00BD9651 /* ContentView.swift */,
				32DB301A294B1DBE00BD9651 /* Assets.xcassets */,
				32DB301C294B1DBE00BD9651 /* Squirdle.entitlements */,
				32DB3015294B1DBC00BD9651 /* Squirdle.xcdatamodeld */,
				32DB301D294B1DBE00BD9651 /* Preview Content */,
			);
			path = Squirdle;
			sourceTree = "<group>";
		};
		32DB301D294B1DBE00BD9651 /* Preview Content */ = {
			isa = PBXGroup;
			children = (
				32DB301E294B1DBE00BD9651 /* Preview Assets.xcassets */,
			);
			path = "Preview Content";
			sourceTree = "<group>";
		};
		32DB3027294B1DBE00BD9651 /* SquirdleTests */ = {
			isa = PBXGroup;
			children = (
				32DB3028294B1DBE00BD9651 /* SquirdleTests.swift */,
			);
			path = SquirdleTests;
			sourceTree = "<group>";
		};
		32DB3031294B1DBE00BD9651 /* SquirdleUITests */ = {
			isa = PBXGroup;
			children = (
				32DB3032294B1DBE00BD9651 /* SquirdleUITests.swift */,
				32DB3034294B1DBE00BD9651 /* SquirdleUITestsLaunchTests.swift */,
			);
			path = SquirdleUITests;
			sourceTree = "<group>";
		};
/* End PBXGroup section */

/* Begin PBXNativeTarget section */
		32DB300D294B1DBC00BD9651 /* Squirdle */ = {
			isa = PBXNativeTarget;
			buildConfigurationList = 32DB3038294B1DBE00BD9651 /* Build configuration list for PBXNativeTarget "Squirdle" */;
			buildPhases = (
				32DB300A294B1DBC00BD9651 /* Sources */,
				32DB300B294B1DBC00BD9651 /* Frameworks */,
				32DB300C294B1DBC00BD9651 /* Resources */,
			);
			buildRules = (
			);
			dependencies = (
			);
			name = Squirdle;
			productName = Squirdle;
			productReference = 32DB300E294B1DBC00BD9651 /* Squirdle.app */;
			productType = "com.apple.product-type.application";
		};
		32DB3023294B1DBE00BD9651 /* SquirdleTests */ = {
			isa = PBXNativeTarget;
			buildConfigurationList = 32DB303B294B1DBE00BD9651 /* Build configuration list for PBXNativeTarget "SquirdleTests" */;
			buildPhases = (
				32DB3020294B1DBE00BD9651 /* Sources */,
				32DB3021294B1DBE00BD9651 /* Frameworks */,
				32DB3022294B1DBE00BD9651 /* Resources */,
			);
			buildRules = (
			);
			dependencies = (
				32DB3026294B1DBE00BD9651 /* PBXTargetDependency */,
			);
			name = SquirdleTests;
			productName = SquirdleTests;
			productReference = 32DB3024294B1DBE00BD9651 /* SquirdleTests.xctest */;
			productType = "com.apple.product-type.bundle.unit-test";
		};
		32DB302D294B1DBE00BD9651 /* SquirdleUITests */ = {
			isa = PBXNativeTarget;
			buildConfigurationList = 32DB303E294B1DBE00BD9651 /* Build configuration list for PBXNativeTarget "SquirdleUITests" */;
			buildPhases = (
				32DB302A294B1DBE00BD9651 /* Sources */,
				32DB302B294B1DBE00BD9651 /* Frameworks */,
				32DB302C294B1DBE00BD9651 /* Resources */,
			);
			buildRules = (
			);
			dependencies = (
				32DB3030294B1DBE00BD9651 /* PBXTargetDependency */,
			);
			name = SquirdleUITests;
			productName = SquirdleUITests;
			productReference = 32DB302E294B1DBE00BD9651 /* SquirdleUITests.xctest */;
			productType = "com.apple.product-type.bundle.ui-testing";
		};
/* End PBXNativeTarget section */

/* Begin PBXProject section */
		32DB3006294B1DBC00BD9651 /* Project object */ = {
			isa = PBXProject;
			attributes = {
				BuildIndependentTargetsInParallel = 1;
				LastSwiftUpdateCheck = 1410;
				LastUpgradeCheck = 1410;
				TargetAttributes = {
					32DB300D294B1DBC00BD9651 = {
						CreatedOnToolsVersion = 14.1;
					};
					32DB3023294B1DBE00BD9651 = {
						CreatedOnToolsVersion = 14.1;
						TestTargetID = 32DB300D294B1DBC00BD9651;
					};
					32DB302D294B1DBE00BD9651 = {
						CreatedOnToolsVersion = 14.1;
						TestTargetID = 32DB300D294B1DBC00BD9651;
					};
				};
			};
			buildConfigurationList = 32DB3009294B1DBC00BD9651 /* Build configuration list for PBXProject "Squirdle" */;
			compatibilityVersion = "Xcode 14.0";
			developmentRegion = en;
			hasScannedForEncodings = 0;
			knownRegions = (
				en,
				Base,
			);
			mainGroup = 32DB3005294B1DBC00BD9651;
			productRefGroup = 32DB300F294B1DBC00BD9651 /* Products */;
			projectDirPath = "";
			projectRoot = "";
			targets = (
				32DB300D294B1DBC00BD9651 /* Squirdle */,
				32DB3023294B1DBE00BD9651 /* SquirdleTests */,
				32DB302D294B1DBE00BD9651 /* SquirdleUITests */,
			);
		};
/* End PBXProject section */

/* Begin PBXResourcesBuildPhase section */
		32DB300C294B1DBC00BD9651 /* Resources */ = {
			isa = PBXResourcesBuildPhase;
			buildActionMask = 2147483647;
			files = (
				32DB301F294B1DBE00BD9651 /* Preview Assets.xcassets in Resources */,
				32DB301B294B1DBE00BD9651 /* Assets.xcassets in Resources */,
			);
			runOnlyForDeploymentPostprocessing = 0;
		};
		32DB3022294B1DBE00BD9651 /* Resources */ = {
			isa = PBXResourcesBuildPhase;
			buildActionMask = 2147483647;
			files = (
			);
			runOnlyForDeploymentPostprocessing = 0;
		};
		32DB302C294B1DBE00BD9651 /* Resources */ = {
			isa = PBXResourcesBuildPhase;
			buildActionMask = 2147483647;
			files = (
			);
			runOnlyForDeploymentPostprocessing = 0;
		};
/* End PBXResourcesBuildPhase section */

/* Begin PBXSourcesBuildPhase section */
		32DB300A294B1DBC00BD9651 /* Sources */ = {
			isa = PBXSourcesBuildPhase;
			buildActionMask = 2147483647;
			files = (
				32DB3012294B1DBC00BD9651 /* SquirdleApp.swift in Sources */,
				32DB3014294B1DBC00BD9651 /* Persistence.swift in Sources */,
				32DB3019294B1DBC00BD9651 /* ContentView.swift in Sources */,
				32DB3017294B1DBC00BD9651 /* Squirdle.xcdatamodeld in Sources */,
			);
			runOnlyForDeploymentPostprocessing = 0;
		};
		32DB3020294B1DBE00BD9651 /* Sources */ = {
			isa = PBXSourcesBuildPhase;
			buildActionMask = 2147483647;
			files = (
				32DB3029294B1DBE00BD9651 /* SquirdleTests.swift in Sources */,
			);
			runOnlyForDeploymentPostprocessing = 0;
		};
		32DB302A294B1DBE00BD9651 /* Sources */ = {
			isa = PBXSourcesBuildPhase;
			buildActionMask = 2147483647;
			files = (
				32DB3035294B1DBE00BD9651 /* SquirdleUITestsLaunchTests.swift in Sources */,
				32DB3033294B1DBE00BD9651 /* SquirdleUITests.swift in Sources */,
			);
			runOnlyForDeploymentPostprocessing = 0;
		};
/* End PBXSourcesBuildPhase section */

/* Begin PBXTargetDependency section */
		32DB3026294B1DBE00BD9651 /* PBXTargetDependency */ = {
			isa = PBXTargetDependency;
			target = 32DB300D294B1DBC00BD9651 /* Squirdle */;
			targetProxy = 32DB3025294B1DBE00BD9651 /* PBXContainerItemProxy */;
		};
		32DB3030294B1DBE00BD9651 /* PBXTargetDependency */ = {
			isa = PBXTargetDependency;
			target = 32DB300D294B1DBC00BD9651 /* Squirdle */;
			targetProxy = 32DB302F294B1DBE00BD9651 /* PBXContainerItemProxy */;
		};
/* End PBXTargetDependency section */

/* Begin XCBuildConfiguration section */
		32DB3036294B1DBE00BD9651 /* Debug */ = {
			isa = XCBuildConfiguration;
			buildSettings = {
				ALWAYS_SEARCH_USER_PATHS = NO;
				CLANG_ANALYZER_NONNULL = YES;
				CLANG_ANALYZER_NUMBER_OBJECT_CONVERSION = YES_AGGRESSIVE;
				CLANG_CXX_LANGUAGE_STANDARD = "gnu++20";
				CLANG_ENABLE_MODULES = YES;
				CLANG_ENABLE_OBJC_ARC = YES;
				CLANG_ENABLE_OBJC_WEAK = YES;
				CLANG_WARN_BLOCK_CAPTURE_AUTORELEASING = YES;
				CLANG_WARN_BOOL_CONVERSION = YES;
				CLANG_WARN_COMMA = YES;
				CLANG_WARN_CONSTANT_CONVERSION = YES;
				CLANG_WARN_DEPRECATED_OBJC_IMPLEMENTATIONS = YES;
				CLANG_WARN_DIRECT_OBJC_ISA_USAGE = YES_ERROR;
				CLANG_WARN_DOCUMENTATION_COMMENTS = YES;
				CLANG_WARN_EMPTY_BODY = YES;
				CLANG_WARN_ENUM_CONVERSION = YES;
				CLANG_WARN_INFINITE_RECURSION = YES;
				CLANG_WARN_INT_CONVERSION = YES;
				CLANG_WARN_NON_LITERAL_NULL_CONVERSION = YES;
				CLANG_WARN_OBJC_IMPLICIT_RETAIN_SELF = YES;
				CLANG_WARN_OBJC_LITERAL_CONVERSION = YES;
				CLANG_WARN_OBJC_ROOT_CLASS = YES_ERROR;
				CLANG_WARN_QUOTED_INCLUDE_IN_FRAMEWORK_HEADER = YES;
				CLANG_WARN_RANGE_LOOP_ANALYSIS = YES;
				CLANG_WARN_STRICT_PROTOTYPES = YES;
				CLANG_WARN_SUSPICIOUS_MOVE = YES;
				CLANG_WARN_UNGUARDED_AVAILABILITY = YES_AGGRESSIVE;
				CLANG_WARN_UNREACHABLE_CODE = YES;
				CLANG_WARN__DUPLICATE_METHOD_MATCH = YES;
				COPY_PHASE_STRIP = NO;
				DEBUG_INFORMATION_FORMAT = dwarf;
				ENABLE_STRICT_OBJC_MSGSEND = YES;
				ENABLE_TESTABILITY = YES;
				GCC_C_LANGUAGE_STANDARD = gnu11;
				GCC_DYNAMIC_NO_PIC = NO;
				GCC_NO_COMMON_BLOCKS = YES;
				GCC_OPTIMIZATION_LEVEL = 0;
				GCC_PREPROCESSOR_DEFINITIONS = (
					"DEBUG=1",
					"$(inherited)",
				);
				GCC_WARN_64_TO_32_BIT_CONVERSION = YES;
				GCC_WARN_ABOUT_RETURN_TYPE = YES_ERROR;
				GCC_WARN_UNDECLARED_SELECTOR = YES;
				GCC_WARN_UNINITIALIZED_AUTOS = YES_AGGRESSIVE;
				GCC_WARN_UNUSED_FUNCTION = YES;
				GCC_WARN_UNUSED_VARIABLE = YES;
				MTL_ENABLE_DEBUG_INFO = INCLUDE_SOURCE;
				MTL_FAST_MATH = YES;
				ONLY_ACTIVE_ARCH = YES;
				SWIFT_ACTIVE_COMPILATION_CONDITIONS = DEBUG;
				SWIFT_OPTIMIZATION_LEVEL = "-Onone";
			};
			name = Debug;
		};
		32DB3037294B1DBE00BD9651 /* Release */ = {
			isa = XCBuildConfiguration;
			buildSettings = {
				ALWAYS_SEARCH_USER_PATHS = NO;
				CLANG_ANALYZER_NONNULL = YES;
				CLANG_ANALYZER_NUMBER_OBJECT_CONVERSION = YES_AGGRESSIVE;
				CLANG_CXX_LANGUAGE_STANDARD = "gnu++20";
				CLANG_ENABLE_MODULES = YES;
				CLANG_ENABLE_OBJC_ARC = YES;
				CLANG_ENABLE_OBJC_WEAK = YES;
				CLANG_WARN_BLOCK_CAPTURE_AUTORELEASING = YES;
				CLANG_WARN_BOOL_CONVERSION = YES;
				CLANG_WARN_COMMA = YES;
				CLANG_WARN_CONSTANT_CONVERSION = YES;
				CLANG_WARN_DEPRECATED_OBJC_IMPLEMENTATIONS = YES;
				CLANG_WARN_DIRECT_OBJC_ISA_USAGE = YES_ERROR;
				CLANG_WARN_DOCUMENTATION_COMMENTS = YES;
				CLANG_WARN_EMPTY_BODY = YES;
				CLANG_WARN_ENUM_CONVERSION = YES;
				CLANG_WARN_INFINITE_RECURSION = YES;
				CLANG_WARN_INT_CONVERSION = YES;
				CLANG_WARN_NON_LITERAL_NULL_CONVERSION = YES;
				CLANG_WARN_OBJC_IMPLICIT_RETAIN_SELF = YES;
				CLANG_WARN_OBJC_LITERAL_CONVERSION = YES;
				CLANG_WARN_OBJC_ROOT_CLASS = YES_ERROR;
				CLANG_WARN_QUOTED_INCLUDE_IN_FRAMEWORK_HEADER = YES;
				CLANG_WARN_RANGE_LOOP_ANALYSIS = YES;
				CLANG_WARN_STRICT_PROTOTYPES = YES;
				CLANG_WARN_SUSPICIOUS_MOVE = YES;
				CLANG_WARN_UNGUARDED_AVAILABILITY = YES_AGGRESSIVE;
				CLANG_WARN_UNREACHABLE_CODE = YES;
				CLANG_WARN__DUPLICATE_METHOD_MATCH = YES;
				COPY_PHASE_STRIP = NO;
				DEBUG_INFORMATION_FORMAT = "dwarf-with-dsym";
				ENABLE_NS_ASSERTIONS = NO;
				ENABLE_STRICT_OBJC_MSGSEND = YES;
				GCC_C_LANGUAGE_STANDARD = gnu11;
				GCC_NO_COMMON_BLOCKS = YES;
				GCC_WARN_64_TO_32_BIT_CONVERSION = YES;
				GCC_WARN_ABOUT_RETURN_TYPE = YES_ERROR;
				GCC_WARN_UNDECLARED_SELECTOR = YES;
				GCC_WARN_UNINITIALIZED_AUTOS = YES_AGGRESSIVE;
				GCC_WARN_UNUSED_FUNCTION = YES;
				GCC_WARN_UNUSED_VARIABLE = YES;
				MTL_ENABLE_DEBUG_INFO = NO;
				MTL_FAST_MATH = YES;
				SWIFT_COMPILATION_MODE = wholemodule;
				SWIFT_OPTIMIZATION_LEVEL = "-O";
			};
			name = Release;
		};
		32DB3039294B1DBE00BD9651 /* Debug */ = {
			isa = XCBuildConfiguration;
			buildSettings = {
				ASSETCATALOG_COMPILER_APPICON_NAME = AppIcon;
				ASSETCATALOG_COMPILER_GLOBAL_ACCENT_COLOR_NAME = AccentColor;
				CODE_SIGN_ENTITLEMENTS = Squirdle/Squirdle.entitlements;
				CODE_SIGN_STYLE = Automatic;
				CURRENT_PROJECT_VERSION = 1;
				DEVELOPMENT_ASSET_PATHS = "\"Squirdle/Preview Content\"";
				DEVELOPMENT_TEAM = LU66NTVU3G;
				ENABLE_HARDENED_RUNTIME = YES;
				ENABLE_PREVIEWS = YES;
				GENERATE_INFOPLIST_FILE = YES;
				"INFOPLIST_KEY_UIApplicationSceneManifest_Generation[sdk=iphoneos*]" = YES;
				"INFOPLIST_KEY_UIApplicationSceneManifest_Generation[sdk=iphonesimulator*]" = YES;
				"INFOPLIST_KEY_UIApplicationSupportsIndirectInputEvents[sdk=iphoneos*]" = YES;
				"INFOPLIST_KEY_UIApplicationSupportsIndirectInputEvents[sdk=iphonesimulator*]" = YES;
				"INFOPLIST_KEY_UILaunchScreen_Generation[sdk=iphoneos*]" = YES;
				"INFOPLIST_KEY_UILaunchScreen_Generation[sdk=iphonesimulator*]" = YES;
				"INFOPLIST_KEY_UIStatusBarStyle[sdk=iphoneos*]" = UIStatusBarStyleDefault;
				"INFOPLIST_KEY_UIStatusBarStyle[sdk=iphonesimulator*]" = UIStatusBarStyleDefault;
				INFOPLIST_KEY_UISupportedInterfaceOrientations_iPad = "UIInterfaceOrientationPortrait UIInterfaceOrientationPortraitUpsideDown UIInterfaceOrientationLandscapeLeft UIInterfaceOrientationLandscapeRight";
				INFOPLIST_KEY_UISupportedInterfaceOrientations_iPhone = "UIInterfaceOrientationPortrait UIInterfaceOrientationLandscapeLeft UIInterfaceOrientationLandscapeRight";
				IPHONEOS_DEPLOYMENT_TARGET = 16.1;
				LD_RUNPATH_SEARCH_PATHS = "@executable_path/Frameworks";
				"LD_RUNPATH_SEARCH_PATHS[sdk=macosx*]" = "@executable_path/../Frameworks";
				MACOSX_DEPLOYMENT_TARGET = 13.0;
				MARKETING_VERSION = 1.0;
				PRODUCT_BUNDLE_IDENTIFIER = be.hogent.student.deneve.jona.Squirdle;
				PRODUCT_NAME = "$(TARGET_NAME)";
				SDKROOT = auto;
				SUPPORTED_PLATFORMS = "iphoneos iphonesimulator macosx";
				SWIFT_EMIT_LOC_STRINGS = YES;
				SWIFT_VERSION = 5.0;
				TARGETED_DEVICE_FAMILY = "1,2";
			};
			name = Debug;
		};
		32DB303A294B1DBE00BD9651 /* Release */ = {
			isa = XCBuildConfiguration;
			buildSettings = {
				ASSETCATALOG_COMPILER_APPICON_NAME = AppIcon;
				ASSETCATALOG_COMPILER_GLOBAL_ACCENT_COLOR_NAME = AccentColor;
				CODE_SIGN_ENTITLEMENTS = Squirdle/Squirdle.entitlements;
				CODE_SIGN_STYLE = Automatic;
				CURRENT_PROJECT_VERSION = 1;
				DEVELOPMENT_ASSET_PATHS = "\"Squirdle/Preview Content\"";
				DEVELOPMENT_TEAM = LU66NTVU3G;
				ENABLE_HARDENED_RUNTIME = YES;
				ENABLE_PREVIEWS = YES;
				GENERATE_INFOPLIST_FILE = YES;
				"INFOPLIST_KEY_UIApplicationSceneManifest_Generation[sdk=iphoneos*]" = YES;
				"INFOPLIST_KEY_UIApplicationSceneManifest_Generation[sdk=iphonesimulator*]" = YES;
				"INFOPLIST_KEY_UIApplicationSupportsIndirectInputEvents[sdk=iphoneos*]" = YES;
				"INFOPLIST_KEY_UIApplicationSupportsIndirectInputEvents[sdk=iphonesimulator*]" = YES;
				"INFOPLIST_KEY_UILaunchScreen_Generation[sdk=iphoneos*]" = YES;
				"INFOPLIST_KEY_UILaunchScreen_Generation[sdk=iphonesimulator*]" = YES;
				"INFOPLIST_KEY_UIStatusBarStyle[sdk=iphoneos*]" = UIStatusBarStyleDefault;
				"INFOPLIST_KEY_UIStatusBarStyle[sdk=iphonesimulator*]" = UIStatusBarStyleDefault;
				INFOPLIST_KEY_UISupportedInterfaceOrientations_iPad = "UIInterfaceOrientationPortrait UIInterfaceOrientationPortraitUpsideDown UIInterfaceOrientationLandscapeLeft UIInterfaceOrientationLandscapeRight";
				INFOPLIST_KEY_UISupportedInterfaceOrientations_iPhone = "UIInterfaceOrientationPortrait UIInterfaceOrientationLandscapeLeft UIInterfaceOrientationLandscapeRight";
				IPHONEOS_DEPLOYMENT_TARGET = 16.1;
				LD_RUNPATH_SEARCH_PATHS = "@executable_path/Frameworks";
				"LD_RUNPATH_SEARCH_PATHS[sdk=macosx*]" = "@executable_path/../Frameworks";
				MACOSX_DEPLOYMENT_TARGET = 13.0;
				MARKETING_VERSION = 1.0;
				PRODUCT_BUNDLE_IDENTIFIER = be.hogent.student.deneve.jona.Squirdle;
				PRODUCT_NAME = "$(TARGET_NAME)";
				SDKROOT = auto;
				SUPPORTED_PLATFORMS = "iphoneos iphonesimulator macosx";
				SWIFT_EMIT_LOC_STRINGS = YES;
				SWIFT_VERSION = 5.0;
				TARGETED_DEVICE_FAMILY = "1,2";
			};
			name = Release;
		};
		32DB303C294B1DBE00BD9651 /* Debug */ = {
			isa = XCBuildConfiguration;
			buildSettings = {
				ALWAYS_EMBED_SWIFT_STANDARD_LIBRARIES = YES;
				BUNDLE_LOADER = "$(TEST_HOST)";
				CODE_SIGN_STYLE = Automatic;
				CURRENT_PROJECT_VERSION = 1;
				DEVELOPMENT_TEAM = LU66NTVU3G;
				GENERATE_INFOPLIST_FILE = YES;
				IPHONEOS_DEPLOYMENT_TARGET = 16.1;
				MACOSX_DEPLOYMENT_TARGET = 13.0;
				MARKETING_VERSION = 1.0;
				PRODUCT_BUNDLE_IDENTIFIER = be.hogent.student.deneve.jona.SquirdleTests;
				PRODUCT_NAME = "$(TARGET_NAME)";
				SDKROOT = auto;
				SUPPORTED_PLATFORMS = "iphoneos iphonesimulator macosx";
				SWIFT_EMIT_LOC_STRINGS = NO;
				SWIFT_VERSION = 5.0;
				TARGETED_DEVICE_FAMILY = "1,2";
				TEST_HOST = "$(BUILT_PRODUCTS_DIR)/Squirdle.app/$(BUNDLE_EXECUTABLE_FOLDER_PATH)/Squirdle";
			};
			name = Debug;
		};
		32DB303D294B1DBE00BD9651 /* Release */ = {
			isa = XCBuildConfiguration;
			buildSettings = {
				ALWAYS_EMBED_SWIFT_STANDARD_LIBRARIES = YES;
				BUNDLE_LOADER = "$(TEST_HOST)";
				CODE_SIGN_STYLE = Automatic;
				CURRENT_PROJECT_VERSION = 1;
				DEVELOPMENT_TEAM = LU66NTVU3G;
				GENERATE_INFOPLIST_FILE = YES;
				IPHONEOS_DEPLOYMENT_TARGET = 16.1;
				MACOSX_DEPLOYMENT_TARGET = 13.0;
				MARKETING_VERSION = 1.0;
				PRODUCT_BUNDLE_IDENTIFIER = be.hogent.student.deneve.jona.SquirdleTests;
				PRODUCT_NAME = "$(TARGET_NAME)";
				SDKROOT = auto;
				SUPPORTED_PLATFORMS = "iphoneos iphonesimulator macosx";
				SWIFT_EMIT_LOC_STRINGS = NO;
				SWIFT_VERSION = 5.0;
				TARGETED_DEVICE_FAMILY = "1,2";
				TEST_HOST = "$(BUILT_PRODUCTS_DIR)/Squirdle.app/$(BUNDLE_EXECUTABLE_FOLDER_PATH)/Squirdle";
			};
			name = Release;
		};
		32DB303F294B1DBE00BD9651 /* Debug */ = {
			isa = XCBuildConfiguration;
			buildSettings = {
				ALWAYS_EMBED_SWIFT_STANDARD_LIBRARIES = YES;
				CODE_SIGN_STYLE = Automatic;
				CURRENT_PROJECT_VERSION = 1;
				DEVELOPMENT_TEAM = LU66NTVU3G;
				GENERATE_INFOPLIST_FILE = YES;
				IPHONEOS_DEPLOYMENT_TARGET = 16.1;
				MACOSX_DEPLOYMENT_TARGET = 13.0;
				MARKETING_VERSION = 1.0;
				PRODUCT_BUNDLE_IDENTIFIER = be.hogent.student.deneve.jona.SquirdleUITests;
				PRODUCT_NAME = "$(TARGET_NAME)";
				SDKROOT = auto;
				SUPPORTED_PLATFORMS = "iphoneos iphonesimulator macosx";
				SWIFT_EMIT_LOC_STRINGS = NO;
				SWIFT_VERSION = 5.0;
				TARGETED_DEVICE_FAMILY = "1,2";
				TEST_TARGET_NAME = Squirdle;
			};
			name = Debug;
		};
		32DB3040294B1DBE00BD9651 /* Release */ = {
			isa = XCBuildConfiguration;
			buildSettings = {
				ALWAYS_EMBED_SWIFT_STANDARD_LIBRARIES = YES;
				CODE_SIGN_STYLE = Automatic;
				CURRENT_PROJECT_VERSION = 1;
				DEVELOPMENT_TEAM = LU66NTVU3G;
				GENERATE_INFOPLIST_FILE = YES;
				IPHONEOS_DEPLOYMENT_TARGET = 16.1;
				MACOSX_DEPLOYMENT_TARGET = 13.0;
				MARKETING_VERSION = 1.0;
				PRODUCT_BUNDLE_IDENTIFIER = be.hogent.student.deneve.jona.SquirdleUITests;
				PRODUCT_NAME = "$(TARGET_NAME)";
				SDKROOT = auto;
				SUPPORTED_PLATFORMS = "iphoneos iphonesimulator macosx";
				SWIFT_EMIT_LOC_STRINGS = NO;
				SWIFT_VERSION = 5.0;
				TARGETED_DEVICE_FAMILY = "1,2";
				TEST_TARGET_NAME = Squirdle;
			};
			name = Release;
		};
/* End XCBuildConfiguration section */

/* Begin XCConfigurationList section */
		32DB3009294B1DBC00BD9651 /* Build configuration list for PBXProject "Squirdle" */ = {
			isa = XCConfigurationList;
			buildConfigurations = (
				32DB3036294B1DBE00BD9651 /* Debug */,
				32DB3037294B1DBE00BD9651 /* Release */,
			);
			defaultConfigurationIsVisible = 0;
			defaultConfigurationName = Release;
		};
		32DB3038294B1DBE00BD9651 /* Build configuration list for PBXNativeTarget "Squirdle" */ = {
			isa = XCConfigurationList;
			buildConfigurations = (
				32DB3039294B1DBE00BD9651 /* Debug */,
				32DB303A294B1DBE00BD9651 /* Release */,
			);
			defaultConfigurationIsVisible = 0;
			defaultConfigurationName = Release;
		};
		32DB303B294B1DBE00BD9651 /* Build configuration list for PBXNativeTarget "SquirdleTests" */ = {
			isa = XCConfigurationList;
			buildConfigurations = (
				32DB303C294B1DBE00BD9651 /* Debug */,
				32DB303D294B1DBE00BD9651 /* Release */,
			);
			defaultConfigurationIsVisible = 0;
			defaultConfigurationName = Release;
		};
		32DB303E294B1DBE00BD9651 /* Build configuration list for PBXNativeTarget "SquirdleUITests" */ = {
			isa = XCConfigurationList;
			buildConfigurations = (
				32DB303F294B1DBE00BD9651 /* Debug */,
				32DB3040294B1DBE00BD9651 /* Release */,
			);
			defaultConfigurationIsVisible = 0;
			defaultConfigurationName = Release;
		};
/* End XCConfigurationList section */

/* Begin XCVersionGroup section */
		32DB3015294B1DBC00BD9651 /* Squirdle.xcdatamodeld */ = {
			isa = XCVersionGroup;
			children = (
				32DB3016294B1DBC00BD9651 /* Squirdle.xcdatamodel */,
			);
			currentVersion = 32DB3016294B1DBC00BD9651 /* Squirdle.xcdatamodel */;
			path = Squirdle.xcdatamodeld;
			sourceTree = "<group>";
			versionGroupType = wrapper.xcdatamodel;
		};
/* End XCVersionGroup section */
	};
	rootObject = 32DB3006294B1DBC00BD9651 /* Project object */;
}
